
Microsoft Visual Studio Solution File, Format Version 11.00
# Visual Studio 2010
Project("{FAE04EC0-301F-11D3-BF4B-00C04F79EFBC}") = "LiveWeatherReport", "LiveWeatherReport\LiveWeatherReport.csproj", "{1AF66394-C54E-4085-A68F-FE2C98F41C73}"
EndProject
Global
	GlobalSection(SolutionConfigurationPlatforms) = preSolution
		Debug|Any CPU = Debug|Any CPU
		Release|Any CPU = Release|Any CPU
	EndGlobalSection
	GlobalSection(ProjectConfigurationPlatforms) = postSolution
		{1AF66394-C54E-4085-A68F-FE2C98F41C73}.Debug|Any CPU.ActiveCfg = Debug|Any CPU
		{1AF66394-C54E-4085-A68F-FE2C98F41C73}.Debug|Any CPU.Build.0 = Debug|Any CPU
		{1AF66394-C54E-4085-A68F-FE2C98F41C73}.Release|Any CPU.ActiveCfg = Release|Any CPU
		{1AF66394-C54E-4085-A68F-FE2C98F41C73}.Release|Any CPU.Build.0 = Release|Any CPU
	EndGlobalSection
	GlobalSection(SolutionProperties) = preSolution
		HideSolutionNode = FALSE
	EndGlobalSection
EndGlobal
