
Microsoft Visual Studio Solution File, Format Version 11.00
# Visual Studio 2010
Project("{FAE04EC0-301F-11D3-BF4B-00C04F79EFBC}") = "AutocompleteTextbox", "AutocompleteTextbox\AutocompleteTextbox.csproj", "{7DAB126B-8DC1-4021-BE90-459CCE7DDB4F}"
EndProject
Global
	GlobalSection(SolutionConfigurationPlatforms) = preSolution
		Debug|Any CPU = Debug|Any CPU
		Release|Any CPU = Release|Any CPU
	EndGlobalSection
	GlobalSection(ProjectConfigurationPlatforms) = postSolution
		{7DAB126B-8DC1-4021-BE90-459CCE7DDB4F}.Debug|Any CPU.ActiveCfg = Debug|Any CPU
		{7DAB126B-8DC1-4021-BE90-459CCE7DDB4F}.Debug|Any CPU.Build.0 = Debug|Any CPU
		{7DAB126B-8DC1-4021-BE90-459CCE7DDB4F}.Release|Any CPU.ActiveCfg = Release|Any CPU
		{7DAB126B-8DC1-4021-BE90-459CCE7DDB4F}.Release|Any CPU.Build.0 = Release|Any CPU
	EndGlobalSection
	GlobalSection(SolutionProperties) = preSolution
		HideSolutionNode = FALSE
	EndGlobalSection
EndGlobal
